
Microsoft Visual Studio Solution File, Format Version 12.00
# Visual Studio 14
VisualStudioVersion = 14.0.23107.0
MinimumVisualStudioVersion = 10.0.40219.1
Project("{D2ABAB84-BF74-430A-B69E-9DC6D40DDA17}") = "SalesAndShippingProject", "SalesAndShippingProject\SalesAndShippingProject.dwproj", "{D0AA58B5-22D8-4AC0-ACBF-D295EA711D4A}"
EndProject
Global
	GlobalSection(SolutionConfigurationPlatforms) = preSolution
		Development|Default = Development|Default
	EndGlobalSection
	GlobalSection(ProjectConfigurationPlatforms) = postSolution
		{D0AA58B5-22D8-4AC0-ACBF-D295EA711D4A}.Development|Default.ActiveCfg = Development
		{D0AA58B5-22D8-4AC0-ACBF-D295EA711D4A}.Development|Default.Build.0 = Development
		{D0AA58B5-22D8-4AC0-ACBF-D295EA711D4A}.Development|Default.Deploy.0 = Development
	EndGlobalSection
	GlobalSection(SolutionProperties) = preSolution
		HideSolutionNode = FALSE
	EndGlobalSection
EndGlobal
